
Microsoft Visual Studio Solution File, Format Version 12.00
# Visual Studio 2013
VisualStudioVersion = 12.0.30110.0
MinimumVisualStudioVersion = 10.0.40219.1
Project("{FAE04EC0-301F-11D3-BF4B-00C04F79EFBC}") = "NCGSim", "NCGSim\NCGSim.csproj", "{302DF941-0FC2-43ED-A128-4731C3B8200F}"
EndProject
Project("{2150E333-8FDC-42A3-9474-1A3956D46DE8}") = "Solution Items", "Solution Items", "{D8C977F4-90E6-4F45-AE12-61EC5C8BE285}"
	ProjectSection(SolutionItems) = preProject
		WE2013-settings.xml = WE2013-settings.xml
		WebEssentials-Settings.json = WebEssentials-Settings.json
	EndProjectSection
EndProject
Global
	GlobalSection(SolutionConfigurationPlatforms) = preSolution
		Debug|Any CPU = Debug|Any CPU
		Release|Any CPU = Release|Any CPU
	EndGlobalSection
	GlobalSection(ProjectConfigurationPlatforms) = postSolution
		{302DF941-0FC2-43ED-A128-4731C3B8200F}.Debug|Any CPU.ActiveCfg = Debug|Any CPU
		{302DF941-0FC2-43ED-A128-4731C3B8200F}.Debug|Any CPU.Build.0 = Debug|Any CPU
		{302DF941-0FC2-43ED-A128-4731C3B8200F}.Release|Any CPU.ActiveCfg = Release|Any CPU
		{302DF941-0FC2-43ED-A128-4731C3B8200F}.Release|Any CPU.Build.0 = Release|Any CPU
	EndGlobalSection
	GlobalSection(SolutionProperties) = preSolution
		HideSolutionNode = FALSE
	EndGlobalSection
EndGlobal
